
Microsoft Visual Studio Solution File, Format Version 12.00
# Visual Studio Version 16
VisualStudioVersion = 16.0.31729.503
MinimumVisualStudioVersion = 10.0.40219.1
Project("{9A19103F-16F7-4668-BE54-9A1E7A4F7556}") = "PostgreSQLUrun", "PostgreSQLUrun\PostgreSQLUrun.csproj", "{02D0A95D-1919-4187-A837-96769E76DEDC}"
EndProject
Project("{FAE04EC0-301F-11D3-BF4B-00C04F79EFBC}") = "PostgreSQLEntityOrnek", "PostgreSQLEntityOrnek\PostgreSQLEntityOrnek.csproj", "{B1B2F690-47F0-4962-A07B-893C7358AE47}"
EndProject
Global
	GlobalSection(SolutionConfigurationPlatforms) = preSolution
		Debug|Any CPU = Debug|Any CPU
		Release|Any CPU = Release|Any CPU
	EndGlobalSection
	GlobalSection(ProjectConfigurationPlatforms) = postSolution
		{02D0A95D-1919-4187-A837-96769E76DEDC}.Debug|Any CPU.ActiveCfg = Debug|Any CPU
		{02D0A95D-1919-4187-A837-96769E76DEDC}.Debug|Any CPU.Build.0 = Debug|Any CPU
		{02D0A95D-1919-4187-A837-96769E76DEDC}.Release|Any CPU.ActiveCfg = Release|Any CPU
		{02D0A95D-1919-4187-A837-96769E76DEDC}.Release|Any CPU.Build.0 = Release|Any CPU
		{B1B2F690-47F0-4962-A07B-893C7358AE47}.Debug|Any CPU.ActiveCfg = Debug|Any CPU
		{B1B2F690-47F0-4962-A07B-893C7358AE47}.Debug|Any CPU.Build.0 = Debug|Any CPU
		{B1B2F690-47F0-4962-A07B-893C7358AE47}.Release|Any CPU.ActiveCfg = Release|Any CPU
		{B1B2F690-47F0-4962-A07B-893C7358AE47}.Release|Any CPU.Build.0 = Release|Any CPU
	EndGlobalSection
	GlobalSection(SolutionProperties) = preSolution
		HideSolutionNode = FALSE
	EndGlobalSection
	GlobalSection(ExtensibilityGlobals) = postSolution
		SolutionGuid = {26F0E34A-6C10-4B36-9234-468D6EC4D985}
	EndGlobalSection
EndGlobal
